
Microsoft Visual Studio Solution File, Format Version 11.00
# Visual Studio 2010
Project("{F184B08F-C81C-45F6-A57F-5ABD9991F28F}") = "Downgrade Tool (PS3 NOR)", "Downgrade Tool (PS3 NOR)\Downgrade Tool (PS3 NOR).vbproj", "{8E6412A7-1273-46F7-8E7B-C99E5B18364E}"
EndProject
Global
	GlobalSection(SolutionConfigurationPlatforms) = preSolution
		Debug|x86 = Debug|x86
		Release|x86 = Release|x86
	EndGlobalSection
	GlobalSection(ProjectConfigurationPlatforms) = postSolution
		{8E6412A7-1273-46F7-8E7B-C99E5B18364E}.Debug|x86.ActiveCfg = Debug|x86
		{8E6412A7-1273-46F7-8E7B-C99E5B18364E}.Debug|x86.Build.0 = Debug|x86
		{8E6412A7-1273-46F7-8E7B-C99E5B18364E}.Release|x86.ActiveCfg = Release|x86
		{8E6412A7-1273-46F7-8E7B-C99E5B18364E}.Release|x86.Build.0 = Release|x86
	EndGlobalSection
	GlobalSection(SolutionProperties) = preSolution
		HideSolutionNode = FALSE
	EndGlobalSection
EndGlobal
